<?xml version="1.0" encoding="utf-8"?>
<Project ToolsVersion="4.0" xmlns="http://schemas.microsoft.com/developer/msbuild/2003">
  <ItemGroup>
    <Filter Include="Sources">
      <UniqueIdentifier>{8b7ed093-66ce-4096-96d2-fbb9faa4bf52}</UniqueIdentifier>
    </Filter>
    <Filter Include="Sources\Modules">
      <UniqueIdentifier>{7b418be2-1631-4a31-9ef2-8a8b234a7339}</UniqueIdentifier>
    </Filter>
    <Filter Include="Sources\Containers">
      <UniqueIdentifier>{afc36133-f401-499a-aa33-0da1e500fb52}</UniqueIdentifier>
    </Filter>
    <Filter Include="Sources\Tools">
      <UniqueIdentifier>{7e4dfaf7-022c-4f7d-92aa-f3b3fa9d6248}</UniqueIdentifier>
    </Filter>
    <Filter Include="Sources\Helpers">
      <UniqueIdentifier>{121f8e6b-df36-4ab0-be0d-601ddfc9e503}</UniqueIdentifier>
    </Filter>
    <Filter Include="Sources\Modules\Game">
      <UniqueIdentifier>{83f46af7-e02f-40c0-9e56-41d76082527b}</UniqueIdentifier>
    </Filter>
    <Filter Include="Sources\Libraries">
      <UniqueIdentifier>{d456872a-9c00-444e-b336-9ad71ce4c0fc}</UniqueIdentifier>
    </Filter>
    <Filter Include="Sources\Libraries\Imgui">
      <UniqueIdentifier>{ef8dfb42-6b11-4db5-a305-67e822138984}</UniqueIdentifier>
    </Filter>
    <Filter Include="Sources\Libraries\Glew">
      <UniqueIdentifier>{766eae8b-0954-4170-8a6e-0054d2fa5902}</UniqueIdentifier>
    </Filter>
    <Filter Include="Sources\Libraries\pcg">
      <UniqueIdentifier>{2888d25e-bac0-49e9-86be-e362bcb18984}</UniqueIdentifier>
    </Filter>
    <Filter Include="Sources\Libraries\parson">
      <UniqueIdentifier>{4fa7a661-c49f-49fb-a620-f7a648f1480b}</UniqueIdentifier>
    </Filter>
    <Filter Include="Sources\Modules\UI">
      <UniqueIdentifier>{9d5a090e-9e90-4d2e-a0de-d1e8e8206bf6}</UniqueIdentifier>
    </Filter>
    <Filter Include="Sources\Libraries\mmgr">
      <UniqueIdentifier>{cff46793-b223-4f4d-a0ea-423675dfc067}</UniqueIdentifier>
    </Filter>
    <Filter Include="Sources\Libraries\MathGeoLib">
      <UniqueIdentifier>{3abf8dee-7ecb-4254-83d6-ddf533e288fe}</UniqueIdentifier>
    </Filter>
  </ItemGroup>
  <ItemGroup>
    <ClInclude Include="Module.h">
      <Filter>Sources\Modules</Filter>
    </ClInclude>
    <ClInclude Include="ModuleCamera3D.h">
      <Filter>Sources\Modules</Filter>
    </ClInclude>
    <ClInclude Include="ModuleInput.h">
      <Filter>Sources\Modules</Filter>
    </ClInclude>
    <ClInclude Include="ModuleRenderer3D.h">
      <Filter>Sources\Modules</Filter>
    </ClInclude>
    <ClInclude Include="ModuleWindow.h">
      <Filter>Sources\Modules</Filter>
    </ClInclude>
    <ClInclude Include="glmath.h">
      <Filter>Sources\Containers</Filter>
    </ClInclude>
    <ClInclude Include="Application.h">
      <Filter>Sources</Filter>
    </ClInclude>
    <ClInclude Include="Globals.h">
      <Filter>Sources</Filter>
    </ClInclude>
    <ClInclude Include="Primitive.h">
      <Filter>Sources\Helpers</Filter>
    </ClInclude>
    <ClInclude Include="Color.h">
      <Filter>Sources\Containers</Filter>
    </ClInclude>
    <ClInclude Include="Light.h">
      <Filter>Sources\Helpers</Filter>
    </ClInclude>
    <ClInclude Include="Timer.h">
      <Filter>Sources\Tools</Filter>
    </ClInclude>
    <ClInclude Include="ImGui\imconfig.h">
      <Filter>Sources\Libraries\Imgui</Filter>
    </ClInclude>
    <ClInclude Include="ImGui\imgui.h">
      <Filter>Sources\Libraries\Imgui</Filter>
    </ClInclude>
    <ClInclude Include="ImGui\imgui_impl_sdl_gl3.h">
      <Filter>Sources\Libraries\Imgui</Filter>
    </ClInclude>
    <ClInclude Include="ImGui\imgui_internal.h">
      <Filter>Sources\Libraries\Imgui</Filter>
    </ClInclude>
    <ClInclude Include="ImGui\stb_rect_pack.h">
      <Filter>Sources\Libraries\Imgui</Filter>
    </ClInclude>
    <ClInclude Include="ImGui\stb_textedit.h">
      <Filter>Sources\Libraries\Imgui</Filter>
    </ClInclude>
    <ClInclude Include="ImGui\stb_truetype.h">
      <Filter>Sources\Libraries\Imgui</Filter>
    </ClInclude>
    <ClInclude Include="Glew\include\glew.h">
      <Filter>Sources\Libraries\Glew</Filter>
    </ClInclude>
    <ClInclude Include="ModuleScene.h">
      <Filter>Sources\Modules\Game</Filter>
    </ClInclude>
    <ClInclude Include="pcg-cpp-0.98\include\pcg_extras.hpp">
      <Filter>Sources\Libraries\pcg</Filter>
    </ClInclude>
    <ClInclude Include="pcg-cpp-0.98\include\pcg_random.hpp">
      <Filter>Sources\Libraries\pcg</Filter>
    </ClInclude>
    <ClInclude Include="pcg-cpp-0.98\include\pcg_uint128.hpp">
      <Filter>Sources\Libraries\pcg</Filter>
    </ClInclude>
    <ClInclude Include="parson\parson.h">
      <Filter>Sources\Libraries\parson</Filter>
    </ClInclude>
    <ClInclude Include="mmgr\mmgr.h">
      <Filter>Sources\Libraries\mmgr</Filter>
    </ClInclude>
    <ClInclude Include="mmgr\nommgr.h">
      <Filter>Sources\Libraries\mmgr</Filter>
    </ClInclude>
    <ClInclude Include="ModuleGeometry.h">
      <Filter>Sources\Modules</Filter>
    </ClInclude>
    <ClInclude Include="MathGeoLib\MathBuildConfig.h">
      <Filter>Sources\Libraries\MathGeoLib</Filter>
    </ClInclude>
    <ClInclude Include="MathGeoLib\MathGeoLib.h">
      <Filter>Sources\Libraries\MathGeoLib</Filter>
    </ClInclude>
    <ClInclude Include="MathGeoLib\MathGeoLibFwd.h">
      <Filter>Sources\Libraries\MathGeoLib</Filter>
    </ClInclude>
    <ClInclude Include="PanelGUI.h">
      <Filter>Sources\Modules\UI</Filter>
    </ClInclude>
    <ClInclude Include="Panel_Configuration.h">
      <Filter>Sources\Modules\UI</Filter>
    </ClInclude>
    <ClInclude Include="ModuleGUI.h">
      <Filter>Sources\Modules\UI</Filter>
    </ClInclude>
    <ClInclude Include="ModuleHardware.h">
      <Filter>Sources\Modules\UI</Filter>
    </ClInclude>
    <ClInclude Include="Panel_About.h">
      <Filter>Sources\Modules\UI</Filter>
    </ClInclude>
    <ClInclude Include="Panel_Console.h">
      <Filter>Sources\Modules\UI</Filter>
    </ClInclude>
    <ClInclude Include="ModuleFBX.h">
      <Filter>Sources\Modules</Filter>
    </ClInclude>
  </ItemGroup>
  <ItemGroup>
    <ClCompile Include="ModuleCamera3D.cpp">
      <Filter>Sources\Modules</Filter>
    </ClCompile>
    <ClCompile Include="ModuleInput.cpp">
      <Filter>Sources\Modules</Filter>
    </ClCompile>
    <ClCompile Include="ModuleRenderer3D.cpp">
      <Filter>Sources\Modules</Filter>
    </ClCompile>
    <ClCompile Include="ModuleWindow.cpp">
      <Filter>Sources\Modules</Filter>
    </ClCompile>
    <ClCompile Include="log.cpp">
      <Filter>Sources\Tools</Filter>
    </ClCompile>
    <ClCompile Include="Timer.cpp">
      <Filter>Sources\Tools</Filter>
    </ClCompile>
    <ClCompile Include="Application.cpp">
      <Filter>Sources</Filter>
    </ClCompile>
    <ClCompile Include="Main.cpp">
      <Filter>Sources</Filter>
    </ClCompile>
    <ClCompile Include="glmath.cpp">
      <Filter>Sources\Containers</Filter>
    </ClCompile>
    <ClCompile Include="Primitive.cpp">
      <Filter>Sources\Helpers</Filter>
    </ClCompile>
    <ClCompile Include="Color.cpp">
      <Filter>Sources\Containers</Filter>
    </ClCompile>
    <ClCompile Include="Light.cpp">
      <Filter>Sources\Helpers</Filter>
    </ClCompile>
    <ClCompile Include="ImGui\imgui.cpp">
      <Filter>Sources\Libraries\Imgui</Filter>
    </ClCompile>
    <ClCompile Include="ImGui\imgui_demo.cpp">
      <Filter>Sources\Libraries\Imgui</Filter>
    </ClCompile>
    <ClCompile Include="ImGui\imgui_draw.cpp">
      <Filter>Sources\Libraries\Imgui</Filter>
    </ClCompile>
    <ClCompile Include="ImGui\imgui_impl_sdl_gl3.cpp">
      <Filter>Sources\Libraries\Imgui</Filter>
    </ClCompile>
    <ClCompile Include="ModuleScene.cpp">
      <Filter>Sources\Modules\Game</Filter>
    </ClCompile>
    <ClCompile Include="parson\parson.c">
      <Filter>Sources\Libraries\parson</Filter>
    </ClCompile>
    <ClCompile Include="mmgr\mmgr.cpp">
      <Filter>Sources\Libraries\mmgr</Filter>
    </ClCompile>
    <ClCompile Include="ModuleGeometry.cpp">
      <Filter>Sources\Modules</Filter>
    </ClCompile>
    <ClCompile Include="PanelGUI.cpp">
      <Filter>Sources\Modules\UI</Filter>
    </ClCompile>
    <ClCompile Include="Panel_Configuration.cpp">
      <Filter>Sources\Modules\UI</Filter>
    </ClCompile>
    <ClCompile Include="ModuleGUI.cpp">
      <Filter>Sources\Modules\UI</Filter>
    </ClCompile>
    <ClCompile Include="ModuleHardware.cpp">
      <Filter>Sources\Modules\UI</Filter>
    </ClCompile>
    <ClCompile Include="Panel_About.cpp">
      <Filter>Sources\Modules\UI</Filter>
    </ClCompile>
    <ClCompile Include="Panel_Console.cpp">
      <Filter>Sources\Modules\UI</Filter>
    </ClCompile>
    <ClCompile Include="ModuleFBX.cpp">
      <Filter>Sources\Modules</Filter>
    </ClCompile>
  </ItemGroup>
</Project>